// !$*UTF8*$!
{
	archiveVersion = 1;
	classes = {
	};
	objectVersion = 55;
	objects = {

/* Begin PBXBuildFile section */
		52273C5E2835A3490060BF12 /* AlertButton.swift in Sources */ = {isa = PBXBuildFile; fileRef = 52273C5D2835A3490060BF12 /* AlertButton.swift */; };
		52307603282A86380083D739 /* MonetaApp.swift in Sources */ = {isa = PBXBuildFile; fileRef = 52307602282A86380083D739 /* MonetaApp.swift */; };
		52307605282A86380083D739 /* SplashScreen.swift in Sources */ = {isa = PBXBuildFile; fileRef = 52307604282A86380083D739 /* SplashScreen.swift */; };
		52307607282A86390083D739 /* Assets.xcassets in Resources */ = {isa = PBXBuildFile; fileRef = 52307606282A86390083D739 /* Assets.xcassets */; };
		5230760A282A86390083D739 /* Preview Assets.xcassets in Resources */ = {isa = PBXBuildFile; fileRef = 52307609282A86390083D739 /* Preview Assets.xcassets */; };
		523838372833BC4100F82E10 /* CurrencyUITextField.swift in Sources */ = {isa = PBXBuildFile; fileRef = 523838362833BC4100F82E10 /* CurrencyUITextField.swift */; };
		5238383A2833BD1D00F82E10 /* CurrencyTextField.swift in Sources */ = {isa = PBXBuildFile; fileRef = 523838392833BD1D00F82E10 /* CurrencyTextField.swift */; };
		52540B38282AA98500EB2423 /* Expenses.swift in Sources */ = {isa = PBXBuildFile; fileRef = 52540B37282AA98500EB2423 /* Expenses.swift */; };
		52540B3A282AAC3500EB2423 /* Login.swift in Sources */ = {isa = PBXBuildFile; fileRef = 52540B39282AAC3500EB2423 /* Login.swift */; };
		529BD5BF282E7565008A7FF7 /* ExpensesModel.swift in Sources */ = {isa = PBXBuildFile; fileRef = 529BD5BE282E7565008A7FF7 /* ExpensesModel.swift */; };
		52AF5199282BD78E009FC0F3 /* Launch Screen.storyboard in Resources */ = {isa = PBXBuildFile; fileRef = 52AF5198282BD78D009FC0F3 /* Launch Screen.storyboard */; };
		52E48D602833FB5300841B50 /* Gradients.swift in Sources */ = {isa = PBXBuildFile; fileRef = 52E48D5F2833FB5300841B50 /* Gradients.swift */; };
		52E48D622834069700841B50 /* CurrencyFormat.swift in Sources */ = {isa = PBXBuildFile; fileRef = 52E48D612834069700841B50 /* CurrencyFormat.swift */; };
		52ED8DD6282D4ED2009C76BD /* SetLimits.swift in Sources */ = {isa = PBXBuildFile; fileRef = 52ED8DD5282D4ED2009C76BD /* SetLimits.swift */; };
		52ED8DD8282D4EE6009C76BD /* AddExpense.swift in Sources */ = {isa = PBXBuildFile; fileRef = 52ED8DD7282D4EE6009C76BD /* AddExpense.swift */; };
/* End PBXBuildFile section */

/* Begin PBXContainerItemProxy section */
		52307610282A86390083D739 /* PBXContainerItemProxy */ = {
			isa = PBXContainerItemProxy;
			containerPortal = 523075F7282A86380083D739 /* Project object */;
			proxyType = 1;
			remoteGlobalIDString = 523075FE282A86380083D739;
			remoteInfo = "Moneta App";
		};
		5230761A282A86390083D739 /* PBXContainerItemProxy */ = {
			isa = PBXContainerItemProxy;
			containerPortal = 523075F7282A86380083D739 /* Project object */;
			proxyType = 1;
			remoteGlobalIDString = 523075FE282A86380083D739;
			remoteInfo = "Moneta App";
		};
/* End PBXContainerItemProxy section */

/* Begin PBXFileReference section */
		52273C5D2835A3490060BF12 /* AlertButton.swift */ = {isa = PBXFileReference; lastKnownFileType = sourcecode.swift; path = AlertButton.swift; sourceTree = "<group>"; };
		523075FF282A86380083D739 /* Moneta App.app */ = {isa = PBXFileReference; explicitFileType = wrapper.application; includeInIndex = 0; path = "Moneta App.app"; sourceTree = BUILT_PRODUCTS_DIR; };
		52307602282A86380083D739 /* MonetaApp.swift */ = {isa = PBXFileReference; lastKnownFileType = sourcecode.swift; path = MonetaApp.swift; sourceTree = "<group>"; };
		52307604282A86380083D739 /* SplashScreen.swift */ = {isa = PBXFileReference; lastKnownFileType = sourcecode.swift; path = SplashScreen.swift; sourceTree = "<group>"; };
		52307606282A86390083D739 /* Assets.xcassets */ = {isa = PBXFileReference; lastKnownFileType = folder.assetcatalog; path = Assets.xcassets; sourceTree = "<group>"; };
		52307609282A86390083D739 /* Preview Assets.xcassets */ = {isa = PBXFileReference; lastKnownFileType = folder.assetcatalog; path = "Preview Assets.xcassets"; sourceTree = "<group>"; };
		5230760F282A86390083D739 /* Moneta AppTests.xctest */ = {isa = PBXFileReference; explicitFileType = wrapper.cfbundle; includeInIndex = 0; path = "Moneta AppTests.xctest"; sourceTree = BUILT_PRODUCTS_DIR; };
		52307619282A86390083D739 /* Moneta AppUITests.xctest */ = {isa = PBXFileReference; explicitFileType = wrapper.cfbundle; includeInIndex = 0; path = "Moneta AppUITests.xctest"; sourceTree = BUILT_PRODUCTS_DIR; };
		523838362833BC4100F82E10 /* CurrencyUITextField.swift */ = {isa = PBXFileReference; lastKnownFileType = sourcecode.swift; path = CurrencyUITextField.swift; sourceTree = "<group>"; };
		523838392833BD1D00F82E10 /* CurrencyTextField.swift */ = {isa = PBXFileReference; lastKnownFileType = sourcecode.swift; path = CurrencyTextField.swift; sourceTree = "<group>"; };
		52540B37282AA98500EB2423 /* Expenses.swift */ = {isa = PBXFileReference; lastKnownFileType = sourcecode.swift; path = Expenses.swift; sourceTree = "<group>"; };
		52540B39282AAC3500EB2423 /* Login.swift */ = {isa = PBXFileReference; lastKnownFileType = sourcecode.swift; path = Login.swift; sourceTree = "<group>"; };
		529BD5BE282E7565008A7FF7 /* ExpensesModel.swift */ = {isa = PBXFileReference; lastKnownFileType = sourcecode.swift; path = ExpensesModel.swift; sourceTree = "<group>"; };
		52AF5198282BD78D009FC0F3 /* Launch Screen.storyboard */ = {isa = PBXFileReference; lastKnownFileType = file.storyboard; path = "Launch Screen.storyboard"; sourceTree = "<group>"; };
		52D7BE1B282D29D1008192F4 /* Moneta-App-Info.plist */ = {isa = PBXFileReference; lastKnownFileType = text.plist; path = "Moneta-App-Info.plist"; sourceTree = SOURCE_ROOT; };
		52DA9161282D331300A0250C /* Moneta App.entitlements */ = {isa = PBXFileReference; lastKnownFileType = text.plist.entitlements; path = "Moneta App.entitlements"; sourceTree = "<group>"; };
		52E48D5F2833FB5300841B50 /* Gradients.swift */ = {isa = PBXFileReference; lastKnownFileType = sourcecode.swift; path = Gradients.swift; sourceTree = "<group>"; };
		52E48D612834069700841B50 /* CurrencyFormat.swift */ = {isa = PBXFileReference; lastKnownFileType = sourcecode.swift; path = CurrencyFormat.swift; sourceTree = "<group>"; };
		52ED8DD5282D4ED2009C76BD /* SetLimits.swift */ = {isa = PBXFileReference; lastKnownFileType = sourcecode.swift; path = SetLimits.swift; sourceTree = "<group>"; };
		52ED8DD7282D4EE6009C76BD /* AddExpense.swift */ = {isa = PBXFileReference; lastKnownFileType = sourcecode.swift; path = AddExpense.swift; sourceTree = "<group>"; };
/* End PBXFileReference section */

/* Begin PBXFrameworksBuildPhase section */
		523075FC282A86380083D739 /* Frameworks */ = {
			isa = PBXFrameworksBuildPhase;
			buildActionMask = 2147483647;
			files = (
			);
			runOnlyForDeploymentPostprocessing = 0;
		};
		5230760C282A86390083D739 /* Frameworks */ = {
			isa = PBXFrameworksBuildPhase;
			buildActionMask = 2147483647;
			files = (
			);
			runOnlyForDeploymentPostprocessing = 0;
		};
		52307616282A86390083D739 /* Frameworks */ = {
			isa = PBXFrameworksBuildPhase;
			buildActionMask = 2147483647;
			files = (
			);
			runOnlyForDeploymentPostprocessing = 0;
		};
/* End PBXFrameworksBuildPhase section */

/* Begin PBXGroup section */
		523075F6282A86380083D739 = {
			isa = PBXGroup;
			children = (
				52307601282A86380083D739 /* Moneta App */,
				52307600282A86380083D739 /* Products */,
			);
			sourceTree = "<group>";
		};
		52307600282A86380083D739 /* Products */ = {
			isa = PBXGroup;
			children = (
				523075FF282A86380083D739 /* Moneta App.app */,
				5230760F282A86390083D739 /* Moneta AppTests.xctest */,
				52307619282A86390083D739 /* Moneta AppUITests.xctest */,
			);
			name = Products;
			sourceTree = "<group>";
		};
		52307601282A86380083D739 /* Moneta App */ = {
			isa = PBXGroup;
			children = (
				52DA9161282D331300A0250C /* Moneta App.entitlements */,
				52D7BE1B282D29D1008192F4 /* Moneta-App-Info.plist */,
				52E48D5E2833FB1300841B50 /* Components */,
				5230762D282A86500083D739 /* Views */,
				5230762C282A86470083D739 /* Model */,
				52307602282A86380083D739 /* MonetaApp.swift */,
				52307606282A86390083D739 /* Assets.xcassets */,
				52307608282A86390083D739 /* Preview Content */,
			);
			path = "Moneta App";
			sourceTree = "<group>";
		};
		52307608282A86390083D739 /* Preview Content */ = {
			isa = PBXGroup;
			children = (
				52307609282A86390083D739 /* Preview Assets.xcassets */,
			);
			path = "Preview Content";
			sourceTree = "<group>";
		};
		5230762C282A86470083D739 /* Model */ = {
			isa = PBXGroup;
			children = (
				523838382833BD0B00F82E10 /* Currency */,
				529BD5BE282E7565008A7FF7 /* ExpensesModel.swift */,
				52E48D612834069700841B50 /* CurrencyFormat.swift */,
			);
			path = Model;
			sourceTree = "<group>";
		};
		5230762D282A86500083D739 /* Views */ = {
			isa = PBXGroup;
			children = (
				52540B39282AAC3500EB2423 /* Login.swift */,
				52ED8DD9282D630E009C76BD /* Expenses */,
				52307604282A86380083D739 /* SplashScreen.swift */,
				52AF5198282BD78D009FC0F3 /* Launch Screen.storyboard */,
			);
			path = Views;
			sourceTree = "<group>";
		};
		523838382833BD0B00F82E10 /* Currency */ = {
			isa = PBXGroup;
			children = (
				523838362833BC4100F82E10 /* CurrencyUITextField.swift */,
				523838392833BD1D00F82E10 /* CurrencyTextField.swift */,
			);
			path = Currency;
			sourceTree = "<group>";
		};
		52E48D5E2833FB1300841B50 /* Components */ = {
			isa = PBXGroup;
			children = (
				52E48D5F2833FB5300841B50 /* Gradients.swift */,
			);
			path = Components;
			sourceTree = "<group>";
		};
		52ED8DD9282D630E009C76BD /* Expenses */ = {
			isa = PBXGroup;
			children = (
				52540B37282AA98500EB2423 /* Expenses.swift */,
				52ED8DD5282D4ED2009C76BD /* SetLimits.swift */,
				52ED8DD7282D4EE6009C76BD /* AddExpense.swift */,
				52273C5D2835A3490060BF12 /* AlertButton.swift */,
			);
			path = Expenses;
			sourceTree = "<group>";
		};
/* End PBXGroup section */

/* Begin PBXNativeTarget section */
		523075FE282A86380083D739 /* Moneta App */ = {
			isa = PBXNativeTarget;
			buildConfigurationList = 52307623282A86390083D739 /* Build configuration list for PBXNativeTarget "Moneta App" */;
			buildPhases = (
				523075FB282A86380083D739 /* Sources */,
				523075FC282A86380083D739 /* Frameworks */,
				523075FD282A86380083D739 /* Resources */,
			);
			buildRules = (
			);
			dependencies = (
			);
			name = "Moneta App";
			productName = "Moneta App";
			productReference = 523075FF282A86380083D739 /* Moneta App.app */;
			productType = "com.apple.product-type.application";
		};
		5230760E282A86390083D739 /* Moneta AppTests */ = {
			isa = PBXNativeTarget;
			buildConfigurationList = 52307626282A86390083D739 /* Build configuration list for PBXNativeTarget "Moneta AppTests" */;
			buildPhases = (
				5230760B282A86390083D739 /* Sources */,
				5230760C282A86390083D739 /* Frameworks */,
				5230760D282A86390083D739 /* Resources */,
			);
			buildRules = (
			);
			dependencies = (
				52307611282A86390083D739 /* PBXTargetDependency */,
			);
			name = "Moneta AppTests";
			productName = "Moneta AppTests";
			productReference = 5230760F282A86390083D739 /* Moneta AppTests.xctest */;
			productType = "com.apple.product-type.bundle.unit-test";
		};
		52307618282A86390083D739 /* Moneta AppUITests */ = {
			isa = PBXNativeTarget;
			buildConfigurationList = 52307629282A86390083D739 /* Build configuration list for PBXNativeTarget "Moneta AppUITests" */;
			buildPhases = (
				52307615282A86390083D739 /* Sources */,
				52307616282A86390083D739 /* Frameworks */,
				52307617282A86390083D739 /* Resources */,
			);
			buildRules = (
			);
			dependencies = (
				5230761B282A86390083D739 /* PBXTargetDependency */,
			);
			name = "Moneta AppUITests";
			productName = "Moneta AppUITests";
			productReference = 52307619282A86390083D739 /* Moneta AppUITests.xctest */;
			productType = "com.apple.product-type.bundle.ui-testing";
		};
/* End PBXNativeTarget section */

/* Begin PBXProject section */
		523075F7282A86380083D739 /* Project object */ = {
			isa = PBXProject;
			attributes = {
				BuildIndependentTargetsInParallel = 1;
				LastSwiftUpdateCheck = 1330;
				LastUpgradeCheck = 1330;
				TargetAttributes = {
					523075FE282A86380083D739 = {
						CreatedOnToolsVersion = 13.3.1;
					};
					5230760E282A86390083D739 = {
						CreatedOnToolsVersion = 13.3.1;
						TestTargetID = 523075FE282A86380083D739;
					};
					52307618282A86390083D739 = {
						CreatedOnToolsVersion = 13.3.1;
						TestTargetID = 523075FE282A86380083D739;
					};
				};
			};
			buildConfigurationList = 523075FA282A86380083D739 /* Build configuration list for PBXProject "Moneta App" */;
			compatibilityVersion = "Xcode 13.0";
			developmentRegion = en;
			hasScannedForEncodings = 0;
			knownRegions = (
				en,
				Base,
			);
			mainGroup = 523075F6282A86380083D739;
			productRefGroup = 52307600282A86380083D739 /* Products */;
			projectDirPath = "";
			projectRoot = "";
			targets = (
				523075FE282A86380083D739 /* Moneta App */,
				5230760E282A86390083D739 /* Moneta AppTests */,
				52307618282A86390083D739 /* Moneta AppUITests */,
			);
		};
/* End PBXProject section */

/* Begin PBXResourcesBuildPhase section */
		523075FD282A86380083D739 /* Resources */ = {
			isa = PBXResourcesBuildPhase;
			buildActionMask = 2147483647;
			files = (
				52AF5199282BD78E009FC0F3 /* Launch Screen.storyboard in Resources */,
				5230760A282A86390083D739 /* Preview Assets.xcassets in Resources */,
				52307607282A86390083D739 /* Assets.xcassets in Resources */,
			);
			runOnlyForDeploymentPostprocessing = 0;
		};
		5230760D282A86390083D739 /* Resources */ = {
			isa = PBXResourcesBuildPhase;
			buildActionMask = 2147483647;
			files = (
			);
			runOnlyForDeploymentPostprocessing = 0;
		};
		52307617282A86390083D739 /* Resources */ = {
			isa = PBXResourcesBuildPhase;
			buildActionMask = 2147483647;
			files = (
			);
			runOnlyForDeploymentPostprocessing = 0;
		};
/* End PBXResourcesBuildPhase section */

/* Begin PBXSourcesBuildPhase section */
		523075FB282A86380083D739 /* Sources */ = {
			isa = PBXSourcesBuildPhase;
			buildActionMask = 2147483647;
			files = (
				52E48D622834069700841B50 /* CurrencyFormat.swift in Sources */,
				52ED8DD8282D4EE6009C76BD /* AddExpense.swift in Sources */,
				52E48D602833FB5300841B50 /* Gradients.swift in Sources */,
				52307605282A86380083D739 /* SplashScreen.swift in Sources */,
				52ED8DD6282D4ED2009C76BD /* SetLimits.swift in Sources */,
				52307603282A86380083D739 /* MonetaApp.swift in Sources */,
				52540B38282AA98500EB2423 /* Expenses.swift in Sources */,
				52540B3A282AAC3500EB2423 /* Login.swift in Sources */,
				52273C5E2835A3490060BF12 /* AlertButton.swift in Sources */,
				523838372833BC4100F82E10 /* CurrencyUITextField.swift in Sources */,
				5238383A2833BD1D00F82E10 /* CurrencyTextField.swift in Sources */,
				529BD5BF282E7565008A7FF7 /* ExpensesModel.swift in Sources */,
			);
			runOnlyForDeploymentPostprocessing = 0;
		};
		5230760B282A86390083D739 /* Sources */ = {
			isa = PBXSourcesBuildPhase;
			buildActionMask = 2147483647;
			files = (
			);
			runOnlyForDeploymentPostprocessing = 0;
		};
		52307615282A86390083D739 /* Sources */ = {
			isa = PBXSourcesBuildPhase;
			buildActionMask = 2147483647;
			files = (
			);
			runOnlyForDeploymentPostprocessing = 0;
		};
/* End PBXSourcesBuildPhase section */

/* Begin PBXTargetDependency section */
		52307611282A86390083D739 /* PBXTargetDependency */ = {
			isa = PBXTargetDependency;
			target = 523075FE282A86380083D739 /* Moneta App */;
			targetProxy = 52307610282A86390083D739 /* PBXContainerItemProxy */;
		};
		5230761B282A86390083D739 /* PBXTargetDependency */ = {
			isa = PBXTargetDependency;
			target = 523075FE282A86380083D739 /* Moneta App */;
			targetProxy = 5230761A282A86390083D739 /* PBXContainerItemProxy */;
		};
/* End PBXTargetDependency section */

/* Begin XCBuildConfiguration section */
		52307621282A86390083D739 /* Debug */ = {
			isa = XCBuildConfiguration;
			buildSettings = {
				ALWAYS_SEARCH_USER_PATHS = NO;
				CLANG_ANALYZER_NONNULL = YES;
				CLANG_ANALYZER_NUMBER_OBJECT_CONVERSION = YES_AGGRESSIVE;
				CLANG_CXX_LANGUAGE_STANDARD = "gnu++17";
				CLANG_ENABLE_MODULES = YES;
				CLANG_ENABLE_OBJC_ARC = YES;
				CLANG_ENABLE_OBJC_WEAK = YES;
				CLANG_WARN_BLOCK_CAPTURE_AUTORELEASING = YES;
				CLANG_WARN_BOOL_CONVERSION = YES;
				CLANG_WARN_COMMA = YES;
				CLANG_WARN_CONSTANT_CONVERSION = YES;
				CLANG_WARN_DEPRECATED_OBJC_IMPLEMENTATIONS = YES;
				CLANG_WARN_DIRECT_OBJC_ISA_USAGE = YES_ERROR;
				CLANG_WARN_DOCUMENTATION_COMMENTS = YES;
				CLANG_WARN_EMPTY_BODY = YES;
				CLANG_WARN_ENUM_CONVERSION = YES;
				CLANG_WARN_INFINITE_RECURSION = YES;
				CLANG_WARN_INT_CONVERSION = YES;
				CLANG_WARN_NON_LITERAL_NULL_CONVERSION = YES;
				CLANG_WARN_OBJC_IMPLICIT_RETAIN_SELF = YES;
				CLANG_WARN_OBJC_LITERAL_CONVERSION = YES;
				CLANG_WARN_OBJC_ROOT_CLASS = YES_ERROR;
				CLANG_WARN_QUOTED_INCLUDE_IN_FRAMEWORK_HEADER = YES;
				CLANG_WARN_RANGE_LOOP_ANALYSIS = YES;
				CLANG_WARN_STRICT_PROTOTYPES = YES;
				CLANG_WARN_SUSPICIOUS_MOVE = YES;
				CLANG_WARN_UNGUARDED_AVAILABILITY = YES_AGGRESSIVE;
				CLANG_WARN_UNREACHABLE_CODE = YES;
				CLANG_WARN__DUPLICATE_METHOD_MATCH = YES;
				COPY_PHASE_STRIP = NO;
				DEBUG_INFORMATION_FORMAT = dwarf;
				ENABLE_STRICT_OBJC_MSGSEND = YES;
				ENABLE_TESTABILITY = YES;
				GCC_C_LANGUAGE_STANDARD = gnu11;
				GCC_DYNAMIC_NO_PIC = NO;
				GCC_NO_COMMON_BLOCKS = YES;
				GCC_OPTIMIZATION_LEVEL = 0;
				GCC_PREPROCESSOR_DEFINITIONS = (
					"DEBUG=1",
					"$(inherited)",
				);
				GCC_WARN_64_TO_32_BIT_CONVERSION = YES;
				GCC_WARN_ABOUT_RETURN_TYPE = YES_ERROR;
				GCC_WARN_UNDECLARED_SELECTOR = YES;
				GCC_WARN_UNINITIALIZED_AUTOS = YES_AGGRESSIVE;
				GCC_WARN_UNUSED_FUNCTION = YES;
				GCC_WARN_UNUSED_VARIABLE = YES;
				IPHONEOS_DEPLOYMENT_TARGET = 15.4;
				MTL_ENABLE_DEBUG_INFO = INCLUDE_SOURCE;
				MTL_FAST_MATH = YES;
				ONLY_ACTIVE_ARCH = YES;
				SDKROOT = iphoneos;
				SWIFT_ACTIVE_COMPILATION_CONDITIONS = DEBUG;
				SWIFT_OPTIMIZATION_LEVEL = "-Onone";
			};
			name = Debug;
		};
		52307622282A86390083D739 /* Release */ = {
			isa = XCBuildConfiguration;
			buildSettings = {
				ALWAYS_SEARCH_USER_PATHS = NO;
				CLANG_ANALYZER_NONNULL = YES;
				CLANG_ANALYZER_NUMBER_OBJECT_CONVERSION = YES_AGGRESSIVE;
				CLANG_CXX_LANGUAGE_STANDARD = "gnu++17";
				CLANG_ENABLE_MODULES = YES;
				CLANG_ENABLE_OBJC_ARC = YES;
				CLANG_ENABLE_OBJC_WEAK = YES;
				CLANG_WARN_BLOCK_CAPTURE_AUTORELEASING = YES;
				CLANG_WARN_BOOL_CONVERSION = YES;
				CLANG_WARN_COMMA = YES;
				CLANG_WARN_CONSTANT_CONVERSION = YES;
				CLANG_WARN_DEPRECATED_OBJC_IMPLEMENTATIONS = YES;
				CLANG_WARN_DIRECT_OBJC_ISA_USAGE = YES_ERROR;
				CLANG_WARN_DOCUMENTATION_COMMENTS = YES;
				CLANG_WARN_EMPTY_BODY = YES;
				CLANG_WARN_ENUM_CONVERSION = YES;
				CLANG_WARN_INFINITE_RECURSION = YES;
				CLANG_WARN_INT_CONVERSION = YES;
				CLANG_WARN_NON_LITERAL_NULL_CONVERSION = YES;
				CLANG_WARN_OBJC_IMPLICIT_RETAIN_SELF = YES;
				CLANG_WARN_OBJC_LITERAL_CONVERSION = YES;
				CLANG_WARN_OBJC_ROOT_CLASS = YES_ERROR;
				CLANG_WARN_QUOTED_INCLUDE_IN_FRAMEWORK_HEADER = YES;
				CLANG_WARN_RANGE_LOOP_ANALYSIS = YES;
				CLANG_WARN_STRICT_PROTOTYPES = YES;
				CLANG_WARN_SUSPICIOUS_MOVE = YES;
				CLANG_WARN_UNGUARDED_AVAILABILITY = YES_AGGRESSIVE;
				CLANG_WARN_UNREACHABLE_CODE = YES;
				CLANG_WARN__DUPLICATE_METHOD_MATCH = YES;
				COPY_PHASE_STRIP = NO;
				DEBUG_INFORMATION_FORMAT = "dwarf-with-dsym";
				ENABLE_NS_ASSERTIONS = NO;
				ENABLE_STRICT_OBJC_MSGSEND = YES;
				GCC_C_LANGUAGE_STANDARD = gnu11;
				GCC_NO_COMMON_BLOCKS = YES;
				GCC_WARN_64_TO_32_BIT_CONVERSION = YES;
				GCC_WARN_ABOUT_RETURN_TYPE = YES_ERROR;
				GCC_WARN_UNDECLARED_SELECTOR = YES;
				GCC_WARN_UNINITIALIZED_AUTOS = YES_AGGRESSIVE;
				GCC_WARN_UNUSED_FUNCTION = YES;
				GCC_WARN_UNUSED_VARIABLE = YES;
				IPHONEOS_DEPLOYMENT_TARGET = 15.4;
				MTL_ENABLE_DEBUG_INFO = NO;
				MTL_FAST_MATH = YES;
				SDKROOT = iphoneos;
				SWIFT_COMPILATION_MODE = wholemodule;
				SWIFT_OPTIMIZATION_LEVEL = "-O";
				VALIDATE_PRODUCT = YES;
			};
			name = Release;
		};
		52307624282A86390083D739 /* Debug */ = {
			isa = XCBuildConfiguration;
			buildSettings = {
				ASSETCATALOG_COMPILER_APPICON_NAME = AppIcon;
				ASSETCATALOG_COMPILER_GLOBAL_ACCENT_COLOR_NAME = AccentColor;
				CODE_SIGN_ENTITLEMENTS = "Moneta App/Moneta App.entitlements";
				CODE_SIGN_STYLE = Automatic;
				CURRENT_PROJECT_VERSION = 1;
				DEVELOPMENT_ASSET_PATHS = "\"Moneta App/Preview Content\"";
				DEVELOPMENT_TEAM = DVX5N2U74F;
				ENABLE_PREVIEWS = YES;
				GENERATE_INFOPLIST_FILE = YES;
				INFOPLIST_FILE = "Moneta-App-Info.plist";
				INFOPLIST_KEY_UIApplicationSceneManifest_Generation = YES;
				INFOPLIST_KEY_UIApplicationSupportsIndirectInputEvents = YES;
				INFOPLIST_KEY_UILaunchScreen_Generation = YES;
				INFOPLIST_KEY_UILaunchStoryboardName = "Launch Screen";
				INFOPLIST_KEY_UISupportedInterfaceOrientations_iPad = "UIInterfaceOrientationPortrait UIInterfaceOrientationPortraitUpsideDown UIInterfaceOrientationLandscapeLeft UIInterfaceOrientationLandscapeRight";
				INFOPLIST_KEY_UISupportedInterfaceOrientations_iPhone = "UIInterfaceOrientationPortrait UIInterfaceOrientationLandscapeLeft UIInterfaceOrientationLandscapeRight";
				LD_RUNPATH_SEARCH_PATHS = (
					"$(inherited)",
					"@executable_path/Frameworks",
				);
				MARKETING_VERSION = 1.0;
				PRODUCT_BUNDLE_IDENTIFIER = com.robsonlopes.MonetaApp;
				PRODUCT_NAME = "$(TARGET_NAME)";
				SWIFT_EMIT_LOC_STRINGS = YES;
				SWIFT_VERSION = 5.0;
				TARGETED_DEVICE_FAMILY = "1,2";
			};
			name = Debug;
		};
		52307625282A86390083D739 /* Release */ = {
			isa = XCBuildConfiguration;
			buildSettings = {
				ASSETCATALOG_COMPILER_APPICON_NAME = AppIcon;
				ASSETCATALOG_COMPILER_GLOBAL_ACCENT_COLOR_NAME = AccentColor;
				CODE_SIGN_ENTITLEMENTS = "Moneta App/Moneta App.entitlements";
				CODE_SIGN_STYLE = Automatic;
				CURRENT_PROJECT_VERSION = 1;
				DEVELOPMENT_ASSET_PATHS = "\"Moneta App/Preview Content\"";
				DEVELOPMENT_TEAM = DVX5N2U74F;
				ENABLE_PREVIEWS = YES;
				GENERATE_INFOPLIST_FILE = YES;
				INFOPLIST_FILE = "Moneta-App-Info.plist";
				INFOPLIST_KEY_UIApplicationSceneManifest_Generation = YES;
				INFOPLIST_KEY_UIApplicationSupportsIndirectInputEvents = YES;
				INFOPLIST_KEY_UILaunchScreen_Generation = YES;
				INFOPLIST_KEY_UILaunchStoryboardName = "Launch Screen";
				INFOPLIST_KEY_UISupportedInterfaceOrientations_iPad = "UIInterfaceOrientationPortrait UIInterfaceOrientationPortraitUpsideDown UIInterfaceOrientationLandscapeLeft UIInterfaceOrientationLandscapeRight";
				INFOPLIST_KEY_UISupportedInterfaceOrientations_iPhone = "UIInterfaceOrientationPortrait UIInterfaceOrientationLandscapeLeft UIInterfaceOrientationLandscapeRight";
				LD_RUNPATH_SEARCH_PATHS = (
					"$(inherited)",
					"@executable_path/Frameworks",
				);
				MARKETING_VERSION = 1.0;
				PRODUCT_BUNDLE_IDENTIFIER = com.robsonlopes.MonetaApp;
				PRODUCT_NAME = "$(TARGET_NAME)";
				SWIFT_EMIT_LOC_STRINGS = YES;
				SWIFT_VERSION = 5.0;
				TARGETED_DEVICE_FAMILY = "1,2";
			};
			name = Release;
		};
		52307627282A86390083D739 /* Debug */ = {
			isa = XCBuildConfiguration;
			buildSettings = {
				ALWAYS_EMBED_SWIFT_STANDARD_LIBRARIES = YES;
				BUNDLE_LOADER = "$(TEST_HOST)";
				CODE_SIGN_STYLE = Automatic;
				CURRENT_PROJECT_VERSION = 1;
				DEVELOPMENT_TEAM = VG77SH4QY4;
				GENERATE_INFOPLIST_FILE = YES;
				IPHONEOS_DEPLOYMENT_TARGET = 15.4;
				MARKETING_VERSION = 1.0;
				PRODUCT_BUNDLE_IDENTIFIER = "com.robsonlopes.Moneta-AppTests";
				PRODUCT_NAME = "$(TARGET_NAME)";
				SWIFT_EMIT_LOC_STRINGS = NO;
				SWIFT_VERSION = 5.0;
				TARGETED_DEVICE_FAMILY = "1,2";
				TEST_HOST = "$(BUILT_PRODUCTS_DIR)/Moneta App.app/Moneta App";
			};
			name = Debug;
		};
		52307628282A86390083D739 /* Release */ = {
			isa = XCBuildConfiguration;
			buildSettings = {
				ALWAYS_EMBED_SWIFT_STANDARD_LIBRARIES = YES;
				BUNDLE_LOADER = "$(TEST_HOST)";
				CODE_SIGN_STYLE = Automatic;
				CURRENT_PROJECT_VERSION = 1;
				DEVELOPMENT_TEAM = VG77SH4QY4;
				GENERATE_INFOPLIST_FILE = YES;
				IPHONEOS_DEPLOYMENT_TARGET = 15.4;
				MARKETING_VERSION = 1.0;
				PRODUCT_BUNDLE_IDENTIFIER = "com.robsonlopes.Moneta-AppTests";
				PRODUCT_NAME = "$(TARGET_NAME)";
				SWIFT_EMIT_LOC_STRINGS = NO;
				SWIFT_VERSION = 5.0;
				TARGETED_DEVICE_FAMILY = "1,2";
				TEST_HOST = "$(BUILT_PRODUCTS_DIR)/Moneta App.app/Moneta App";
			};
			name = Release;
		};
		5230762A282A86390083D739 /* Debug */ = {
			isa = XCBuildConfiguration;
			buildSettings = {
				ALWAYS_EMBED_SWIFT_STANDARD_LIBRARIES = YES;
				CODE_SIGN_STYLE = Automatic;
				CURRENT_PROJECT_VERSION = 1;
				DEVELOPMENT_TEAM = VG77SH4QY4;
				GENERATE_INFOPLIST_FILE = YES;
				MARKETING_VERSION = 1.0;
				PRODUCT_BUNDLE_IDENTIFIER = "com.robsonlopes.Moneta-AppUITests";
				PRODUCT_NAME = "$(TARGET_NAME)";
				SWIFT_EMIT_LOC_STRINGS = NO;
				SWIFT_VERSION = 5.0;
				TARGETED_DEVICE_FAMILY = "1,2";
				TEST_TARGET_NAME = "Moneta App";
			};
			name = Debug;
		};
		5230762B282A86390083D739 /* Release */ = {
			isa = XCBuildConfiguration;
			buildSettings = {
				ALWAYS_EMBED_SWIFT_STANDARD_LIBRARIES = YES;
				CODE_SIGN_STYLE = Automatic;
				CURRENT_PROJECT_VERSION = 1;
				DEVELOPMENT_TEAM = VG77SH4QY4;
				GENERATE_INFOPLIST_FILE = YES;
				MARKETING_VERSION = 1.0;
				PRODUCT_BUNDLE_IDENTIFIER = "com.robsonlopes.Moneta-AppUITests";
				PRODUCT_NAME = "$(TARGET_NAME)";
				SWIFT_EMIT_LOC_STRINGS = NO;
				SWIFT_VERSION = 5.0;
				TARGETED_DEVICE_FAMILY = "1,2";
				TEST_TARGET_NAME = "Moneta App";
			};
			name = Release;
		};
/* End XCBuildConfiguration section */

/* Begin XCConfigurationList section */
		523075FA282A86380083D739 /* Build configuration list for PBXProject "Moneta App" */ = {
			isa = XCConfigurationList;
			buildConfigurations = (
				52307621282A86390083D739 /* Debug */,
				52307622282A86390083D739 /* Release */,
			);
			defaultConfigurationIsVisible = 0;
			defaultConfigurationName = Release;
		};
		52307623282A86390083D739 /* Build configuration list for PBXNativeTarget "Moneta App" */ = {
			isa = XCConfigurationList;
			buildConfigurations = (
				52307624282A86390083D739 /* Debug */,
				52307625282A86390083D739 /* Release */,
			);
			defaultConfigurationIsVisible = 0;
			defaultConfigurationName = Release;
		};
		52307626282A86390083D739 /* Build configuration list for PBXNativeTarget "Moneta AppTests" */ = {
			isa = XCConfigurationList;
			buildConfigurations = (
				52307627282A86390083D739 /* Debug */,
				52307628282A86390083D739 /* Release */,
			);
			defaultConfigurationIsVisible = 0;
			defaultConfigurationName = Release;
		};
		52307629282A86390083D739 /* Build configuration list for PBXNativeTarget "Moneta AppUITests" */ = {
			isa = XCConfigurationList;
			buildConfigurations = (
				5230762A282A86390083D739 /* Debug */,
				5230762B282A86390083D739 /* Release */,
			);
			defaultConfigurationIsVisible = 0;
			defaultConfigurationName = Release;
		};
/* End XCConfigurationList section */
	};
	rootObject = 523075F7282A86380083D739 /* Project object */;
}
